
Microsoft Visual Studio Solution File, Format Version 12.00
# Visual Studio Version 17
VisualStudioVersion = 17.9.34728.123
MinimumVisualStudioVersion = 10.0.40219.1
Project("{FAE04EC0-301F-11D3-BF4B-00C04F79EFBC}") = "BVallejoExamen", "BVallejoExamen.csproj", "{DAE7B396-02D3-44AB-8E44-996732405467}"
EndProject
Global
	GlobalSection(SolutionConfigurationPlatforms) = preSolution
		Debug|Any CPU = Debug|Any CPU
		Release|Any CPU = Release|Any CPU
	EndGlobalSection
	GlobalSection(ProjectConfigurationPlatforms) = postSolution
		{DAE7B396-02D3-44AB-8E44-996732405467}.Debug|Any CPU.ActiveCfg = Debug|Any CPU
		{DAE7B396-02D3-44AB-8E44-996732405467}.Debug|Any CPU.Build.0 = Debug|Any CPU
		{DAE7B396-02D3-44AB-8E44-996732405467}.Debug|Any CPU.Deploy.0 = Debug|Any CPU
		{DAE7B396-02D3-44AB-8E44-996732405467}.Release|Any CPU.ActiveCfg = Release|Any CPU
		{DAE7B396-02D3-44AB-8E44-996732405467}.Release|Any CPU.Build.0 = Release|Any CPU
		{DAE7B396-02D3-44AB-8E44-996732405467}.Release|Any CPU.Deploy.0 = Release|Any CPU
	EndGlobalSection
	GlobalSection(SolutionProperties) = preSolution
		HideSolutionNode = FALSE
	EndGlobalSection
	GlobalSection(ExtensibilityGlobals) = postSolution
		SolutionGuid = {0C3A1D4C-6974-40B2-A22F-18E4C2647A6F}
	EndGlobalSection
EndGlobal
